// !$*UTF8*$!
{
	archiveVersion = 1;
	classes = {
	};
	objectVersion = 55;
	objects = {

/* Begin PBXBuildFile section */
		6686B1D3FBB435952118CFD5 /* Pods_UserSampleApp.framework in Frameworks */ = {isa = PBXBuildFile; fileRef = F8358E79468A2BBFE9940B57 /* Pods_UserSampleApp.framework */; };
		783A31A92A255A25003CBA9B /* UserSampleAppApp.swift in Sources */ = {isa = PBXBuildFile; fileRef = 783A31A82A255A25003CBA9B /* UserSampleAppApp.swift */; };
		783A31AB2A255A25003CBA9B /* ContentView.swift in Sources */ = {isa = PBXBuildFile; fileRef = 783A31AA2A255A25003CBA9B /* ContentView.swift */; };
		783A31AD2A255A27003CBA9B /* Assets.xcassets in Resources */ = {isa = PBXBuildFile; fileRef = 783A31AC2A255A27003CBA9B /* Assets.xcassets */; };
		783A31B02A255A27003CBA9B /* Preview Assets.xcassets in Resources */ = {isa = PBXBuildFile; fileRef = 783A31AF2A255A27003CBA9B /* Preview Assets.xcassets */; };
		78720A5D2A26BF4D00C5D939 /* ApiResponse.swift in Sources */ = {isa = PBXBuildFile; fileRef = 78720A5C2A26BF4D00C5D939 /* ApiResponse.swift */; };
		78720A612A26C03700C5D939 /* Api.swift in Sources */ = {isa = PBXBuildFile; fileRef = 78720A602A26C03700C5D939 /* Api.swift */; };
		78720A632A26C2DD00C5D939 /* UserItem.swift in Sources */ = {isa = PBXBuildFile; fileRef = 78720A622A26C2DD00C5D939 /* UserItem.swift */; };
		78720A652A26C52900C5D939 /* ViewModel.swift in Sources */ = {isa = PBXBuildFile; fileRef = 78720A642A26C52900C5D939 /* ViewModel.swift */; };
		78720A682A2712F300C5D939 /* URLImage in Frameworks */ = {isa = PBXBuildFile; productRef = 78720A672A2712F300C5D939 /* URLImage */; };
		78720A6A2A27136800C5D939 /* ListView.swift in Sources */ = {isa = PBXBuildFile; fileRef = 78720A692A27136800C5D939 /* ListView.swift */; };
		78720A6C2A27C68600C5D939 /* AddUserView.swift in Sources */ = {isa = PBXBuildFile; fileRef = 78720A6B2A27C68600C5D939 /* AddUserView.swift */; };
		789A7AAF2A28DDB300FB4230 /* ImageHandlleView.swift in Sources */ = {isa = PBXBuildFile; fileRef = 789A7AAE2A28DDB300FB4230 /* ImageHandlleView.swift */; };
		78A23C192A284F680087F363 /* UserDetailsView.swift in Sources */ = {isa = PBXBuildFile; fileRef = 78A23C182A284F680087F363 /* UserDetailsView.swift */; };
/* End PBXBuildFile section */

/* Begin PBXFileReference section */
		21B438E835376F8562C5FD60 /* Pods-UserSampleApp.debug.xcconfig */ = {isa = PBXFileReference; includeInIndex = 1; lastKnownFileType = text.xcconfig; name = "Pods-UserSampleApp.debug.xcconfig"; path = "Target Support Files/Pods-UserSampleApp/Pods-UserSampleApp.debug.xcconfig"; sourceTree = "<group>"; };
		783A31A52A255A25003CBA9B /* UserSampleApp.app */ = {isa = PBXFileReference; explicitFileType = wrapper.application; includeInIndex = 0; path = UserSampleApp.app; sourceTree = BUILT_PRODUCTS_DIR; };
		783A31A82A255A25003CBA9B /* UserSampleAppApp.swift */ = {isa = PBXFileReference; lastKnownFileType = sourcecode.swift; path = UserSampleAppApp.swift; sourceTree = "<group>"; };
		783A31AA2A255A25003CBA9B /* ContentView.swift */ = {isa = PBXFileReference; lastKnownFileType = sourcecode.swift; path = ContentView.swift; sourceTree = "<group>"; };
		783A31AC2A255A27003CBA9B /* Assets.xcassets */ = {isa = PBXFileReference; lastKnownFileType = folder.assetcatalog; path = Assets.xcassets; sourceTree = "<group>"; };
		783A31AF2A255A27003CBA9B /* Preview Assets.xcassets */ = {isa = PBXFileReference; lastKnownFileType = folder.assetcatalog; path = "Preview Assets.xcassets"; sourceTree = "<group>"; };
		78720A5C2A26BF4D00C5D939 /* ApiResponse.swift */ = {isa = PBXFileReference; lastKnownFileType = sourcecode.swift; name = ApiResponse.swift; path = /Users/isaacboothe/Documents/UserSampleApp/UserSampleApp/ApiResponse.swift; sourceTree = "<absolute>"; };
		78720A602A26C03700C5D939 /* Api.swift */ = {isa = PBXFileReference; lastKnownFileType = sourcecode.swift; path = Api.swift; sourceTree = "<group>"; };
		78720A622A26C2DD00C5D939 /* UserItem.swift */ = {isa = PBXFileReference; lastKnownFileType = sourcecode.swift; path = UserItem.swift; sourceTree = "<group>"; };
		78720A642A26C52900C5D939 /* ViewModel.swift */ = {isa = PBXFileReference; lastKnownFileType = sourcecode.swift; path = ViewModel.swift; sourceTree = "<group>"; };
		78720A692A27136800C5D939 /* ListView.swift */ = {isa = PBXFileReference; lastKnownFileType = sourcecode.swift; path = ListView.swift; sourceTree = "<group>"; };
		78720A6B2A27C68600C5D939 /* AddUserView.swift */ = {isa = PBXFileReference; lastKnownFileType = sourcecode.swift; path = AddUserView.swift; sourceTree = "<group>"; };
		789A7AAE2A28DDB300FB4230 /* ImageHandlleView.swift */ = {isa = PBXFileReference; lastKnownFileType = sourcecode.swift; path = ImageHandlleView.swift; sourceTree = "<group>"; };
		78A23C182A284F680087F363 /* UserDetailsView.swift */ = {isa = PBXFileReference; lastKnownFileType = sourcecode.swift; path = UserDetailsView.swift; sourceTree = "<group>"; };
		EA16B0E23589F28F8035394D /* Pods-UserSampleApp.release.xcconfig */ = {isa = PBXFileReference; includeInIndex = 1; lastKnownFileType = text.xcconfig; name = "Pods-UserSampleApp.release.xcconfig"; path = "Target Support Files/Pods-UserSampleApp/Pods-UserSampleApp.release.xcconfig"; sourceTree = "<group>"; };
		F8358E79468A2BBFE9940B57 /* Pods_UserSampleApp.framework */ = {isa = PBXFileReference; explicitFileType = wrapper.framework; includeInIndex = 0; path = Pods_UserSampleApp.framework; sourceTree = BUILT_PRODUCTS_DIR; };
/* End PBXFileReference section */

/* Begin PBXFrameworksBuildPhase section */
		783A31A22A255A25003CBA9B /* Frameworks */ = {
			isa = PBXFrameworksBuildPhase;
			buildActionMask = 2147483647;
			files = (
				78720A682A2712F300C5D939 /* URLImage in Frameworks */,
				6686B1D3FBB435952118CFD5 /* Pods_UserSampleApp.framework in Frameworks */,
			);
			runOnlyForDeploymentPostprocessing = 0;
		};
/* End PBXFrameworksBuildPhase section */

/* Begin PBXGroup section */
		783A319C2A255A25003CBA9B = {
			isa = PBXGroup;
			children = (
				783A31A72A255A25003CBA9B /* UserSampleApp */,
				783A31A62A255A25003CBA9B /* Products */,
				B9C58902B72D00B5A48A1471 /* Pods */,
				C5E2F687EA77004804C666C3 /* Frameworks */,
			);
			sourceTree = "<group>";
		};
		783A31A62A255A25003CBA9B /* Products */ = {
			isa = PBXGroup;
			children = (
				783A31A52A255A25003CBA9B /* UserSampleApp.app */,
			);
			name = Products;
			sourceTree = "<group>";
		};
		783A31A72A255A25003CBA9B /* UserSampleApp */ = {
			isa = PBXGroup;
			children = (
				783A31A82A255A25003CBA9B /* UserSampleAppApp.swift */,
				783A31AA2A255A25003CBA9B /* ContentView.swift */,
				78720A5C2A26BF4D00C5D939 /* ApiResponse.swift */,
				78720A602A26C03700C5D939 /* Api.swift */,
				78720A622A26C2DD00C5D939 /* UserItem.swift */,
				78720A642A26C52900C5D939 /* ViewModel.swift */,
				78720A692A27136800C5D939 /* ListView.swift */,
				78720A6B2A27C68600C5D939 /* AddUserView.swift */,
				78A23C182A284F680087F363 /* UserDetailsView.swift */,
				789A7AAE2A28DDB300FB4230 /* ImageHandlleView.swift */,
				783A31AC2A255A27003CBA9B /* Assets.xcassets */,
				783A31AE2A255A27003CBA9B /* Preview Content */,
			);
			path = UserSampleApp;
			sourceTree = "<group>";
		};
		783A31AE2A255A27003CBA9B /* Preview Content */ = {
			isa = PBXGroup;
			children = (
				783A31AF2A255A27003CBA9B /* Preview Assets.xcassets */,
			);
			path = "Preview Content";
			sourceTree = "<group>";
		};
		B9C58902B72D00B5A48A1471 /* Pods */ = {
			isa = PBXGroup;
			children = (
				21B438E835376F8562C5FD60 /* Pods-UserSampleApp.debug.xcconfig */,
				EA16B0E23589F28F8035394D /* Pods-UserSampleApp.release.xcconfig */,
			);
			path = Pods;
			sourceTree = "<group>";
		};
		C5E2F687EA77004804C666C3 /* Frameworks */ = {
			isa = PBXGroup;
			children = (
				F8358E79468A2BBFE9940B57 /* Pods_UserSampleApp.framework */,
			);
			name = Frameworks;
			sourceTree = "<group>";
		};
/* End PBXGroup section */

/* Begin PBXNativeTarget section */
		783A31A42A255A25003CBA9B /* UserSampleApp */ = {
			isa = PBXNativeTarget;
			buildConfigurationList = 783A31B32A255A27003CBA9B /* Build configuration list for PBXNativeTarget "UserSampleApp" */;
			buildPhases = (
				529129342F93FF63F998DC34 /* [CP] Check Pods Manifest.lock */,
				783A31A12A255A25003CBA9B /* Sources */,
				783A31A22A255A25003CBA9B /* Frameworks */,
				783A31A32A255A25003CBA9B /* Resources */,
				79E0877B12B34242800BF470 /* [CP] Embed Pods Frameworks */,
			);
			buildRules = (
			);
			dependencies = (
			);
			name = UserSampleApp;
			packageProductDependencies = (
				78720A672A2712F300C5D939 /* URLImage */,
			);
			productName = UserSampleApp;
			productReference = 783A31A52A255A25003CBA9B /* UserSampleApp.app */;
			productType = "com.apple.product-type.application";
		};
/* End PBXNativeTarget section */

/* Begin PBXProject section */
		783A319D2A255A25003CBA9B /* Project object */ = {
			isa = PBXProject;
			attributes = {
				BuildIndependentTargetsInParallel = 1;
				LastSwiftUpdateCheck = 1340;
				LastUpgradeCheck = 1340;
				TargetAttributes = {
					783A31A42A255A25003CBA9B = {
						CreatedOnToolsVersion = 13.4.1;
					};
				};
			};
			buildConfigurationList = 783A31A02A255A25003CBA9B /* Build configuration list for PBXProject "UserSampleApp" */;
			compatibilityVersion = "Xcode 13.0";
			developmentRegion = en;
			hasScannedForEncodings = 0;
			knownRegions = (
				en,
				Base,
			);
			mainGroup = 783A319C2A255A25003CBA9B;
			packageReferences = (
				78720A662A2712F300C5D939 /* XCRemoteSwiftPackageReference "url-image" */,
			);
			productRefGroup = 783A31A62A255A25003CBA9B /* Products */;
			projectDirPath = "";
			projectRoot = "";
			targets = (
				783A31A42A255A25003CBA9B /* UserSampleApp */,
			);
		};
/* End PBXProject section */

/* Begin PBXResourcesBuildPhase section */
		783A31A32A255A25003CBA9B /* Resources */ = {
			isa = PBXResourcesBuildPhase;
			buildActionMask = 2147483647;
			files = (
				783A31B02A255A27003CBA9B /* Preview Assets.xcassets in Resources */,
				783A31AD2A255A27003CBA9B /* Assets.xcassets in Resources */,
			);
			runOnlyForDeploymentPostprocessing = 0;
		};
/* End PBXResourcesBuildPhase section */

/* Begin PBXShellScriptBuildPhase section */
		529129342F93FF63F998DC34 /* [CP] Check Pods Manifest.lock */ = {
			isa = PBXShellScriptBuildPhase;
			buildActionMask = 2147483647;
			files = (
			);
			inputFileListPaths = (
			);
			inputPaths = (
				"${PODS_PODFILE_DIR_PATH}/Podfile.lock",
				"${PODS_ROOT}/Manifest.lock",
			);
			name = "[CP] Check Pods Manifest.lock";
			outputFileListPaths = (
			);
			outputPaths = (
				"$(DERIVED_FILE_DIR)/Pods-UserSampleApp-checkManifestLockResult.txt",
			);
			runOnlyForDeploymentPostprocessing = 0;
			shellPath = /bin/sh;
			shellScript = "diff \"${PODS_PODFILE_DIR_PATH}/Podfile.lock\" \"${PODS_ROOT}/Manifest.lock\" > /dev/null\nif [ $? != 0 ] ; then\n    # print error to STDERR\n    echo \"error: The sandbox is not in sync with the Podfile.lock. Run 'pod install' or update your CocoaPods installation.\" >&2\n    exit 1\nfi\n# This output is used by Xcode 'outputs' to avoid re-running this script phase.\necho \"SUCCESS\" > \"${SCRIPT_OUTPUT_FILE_0}\"\n";
			showEnvVarsInLog = 0;
		};
		79E0877B12B34242800BF470 /* [CP] Embed Pods Frameworks */ = {
			isa = PBXShellScriptBuildPhase;
			buildActionMask = 2147483647;
			files = (
			);
			inputFileListPaths = (
				"${PODS_ROOT}/Target Support Files/Pods-UserSampleApp/Pods-UserSampleApp-frameworks-${CONFIGURATION}-input-files.xcfilelist",
			);
			name = "[CP] Embed Pods Frameworks";
			outputFileListPaths = (
				"${PODS_ROOT}/Target Support Files/Pods-UserSampleApp/Pods-UserSampleApp-frameworks-${CONFIGURATION}-output-files.xcfilelist",
			);
			runOnlyForDeploymentPostprocessing = 0;
			shellPath = /bin/sh;
			shellScript = "\"${PODS_ROOT}/Target Support Files/Pods-UserSampleApp/Pods-UserSampleApp-frameworks.sh\"\n";
			showEnvVarsInLog = 0;
		};
/* End PBXShellScriptBuildPhase section */

/* Begin PBXSourcesBuildPhase section */
		783A31A12A255A25003CBA9B /* Sources */ = {
			isa = PBXSourcesBuildPhase;
			buildActionMask = 2147483647;
			files = (
				78720A632A26C2DD00C5D939 /* UserItem.swift in Sources */,
				78720A5D2A26BF4D00C5D939 /* ApiResponse.swift in Sources */,
				783A31AB2A255A25003CBA9B /* ContentView.swift in Sources */,
				789A7AAF2A28DDB300FB4230 /* ImageHandlleView.swift in Sources */,
				78720A6A2A27136800C5D939 /* ListView.swift in Sources */,
				78A23C192A284F680087F363 /* UserDetailsView.swift in Sources */,
				78720A612A26C03700C5D939 /* Api.swift in Sources */,
				78720A652A26C52900C5D939 /* ViewModel.swift in Sources */,
				783A31A92A255A25003CBA9B /* UserSampleAppApp.swift in Sources */,
				78720A6C2A27C68600C5D939 /* AddUserView.swift in Sources */,
			);
			runOnlyForDeploymentPostprocessing = 0;
		};
/* End PBXSourcesBuildPhase section */

/* Begin XCBuildConfiguration section */
		783A31B12A255A27003CBA9B /* Debug */ = {
			isa = XCBuildConfiguration;
			buildSettings = {
				ALWAYS_SEARCH_USER_PATHS = NO;
				CLANG_ANALYZER_NONNULL = YES;
				CLANG_ANALYZER_NUMBER_OBJECT_CONVERSION = YES_AGGRESSIVE;
				CLANG_CXX_LANGUAGE_STANDARD = "gnu++17";
				CLANG_ENABLE_MODULES = YES;
				CLANG_ENABLE_OBJC_ARC = YES;
				CLANG_ENABLE_OBJC_WEAK = YES;
				CLANG_WARN_BLOCK_CAPTURE_AUTORELEASING = YES;
				CLANG_WARN_BOOL_CONVERSION = YES;
				CLANG_WARN_COMMA = YES;
				CLANG_WARN_CONSTANT_CONVERSION = YES;
				CLANG_WARN_DEPRECATED_OBJC_IMPLEMENTATIONS = YES;
				CLANG_WARN_DIRECT_OBJC_ISA_USAGE = YES_ERROR;
				CLANG_WARN_DOCUMENTATION_COMMENTS = YES;
				CLANG_WARN_EMPTY_BODY = YES;
				CLANG_WARN_ENUM_CONVERSION = YES;
				CLANG_WARN_INFINITE_RECURSION = YES;
				CLANG_WARN_INT_CONVERSION = YES;
				CLANG_WARN_NON_LITERAL_NULL_CONVERSION = YES;
				CLANG_WARN_OBJC_IMPLICIT_RETAIN_SELF = YES;
				CLANG_WARN_OBJC_LITERAL_CONVERSION = YES;
				CLANG_WARN_OBJC_ROOT_CLASS = YES_ERROR;
				CLANG_WARN_QUOTED_INCLUDE_IN_FRAMEWORK_HEADER = YES;
				CLANG_WARN_RANGE_LOOP_ANALYSIS = YES;
				CLANG_WARN_STRICT_PROTOTYPES = YES;
				CLANG_WARN_SUSPICIOUS_MOVE = YES;
				CLANG_WARN_UNGUARDED_AVAILABILITY = YES_AGGRESSIVE;
				CLANG_WARN_UNREACHABLE_CODE = YES;
				CLANG_WARN__DUPLICATE_METHOD_MATCH = YES;
				COPY_PHASE_STRIP = NO;
				DEBUG_INFORMATION_FORMAT = dwarf;
				ENABLE_STRICT_OBJC_MSGSEND = YES;
				ENABLE_TESTABILITY = YES;
				GCC_C_LANGUAGE_STANDARD = gnu11;
				GCC_DYNAMIC_NO_PIC = NO;
				GCC_NO_COMMON_BLOCKS = YES;
				GCC_OPTIMIZATION_LEVEL = 0;
				GCC_PREPROCESSOR_DEFINITIONS = (
					"DEBUG=1",
					"$(inherited)",
				);
				GCC_WARN_64_TO_32_BIT_CONVERSION = YES;
				GCC_WARN_ABOUT_RETURN_TYPE = YES_ERROR;
				GCC_WARN_UNDECLARED_SELECTOR = YES;
				GCC_WARN_UNINITIALIZED_AUTOS = YES_AGGRESSIVE;
				GCC_WARN_UNUSED_FUNCTION = YES;
				GCC_WARN_UNUSED_VARIABLE = YES;
				IPHONEOS_DEPLOYMENT_TARGET = 15.5;
				MTL_ENABLE_DEBUG_INFO = INCLUDE_SOURCE;
				MTL_FAST_MATH = YES;
				ONLY_ACTIVE_ARCH = YES;
				SDKROOT = iphoneos;
				SWIFT_ACTIVE_COMPILATION_CONDITIONS = DEBUG;
				SWIFT_OPTIMIZATION_LEVEL = "-Onone";
			};
			name = Debug;
		};
		783A31B22A255A27003CBA9B /* Release */ = {
			isa = XCBuildConfiguration;
			buildSettings = {
				ALWAYS_SEARCH_USER_PATHS = NO;
				CLANG_ANALYZER_NONNULL = YES;
				CLANG_ANALYZER_NUMBER_OBJECT_CONVERSION = YES_AGGRESSIVE;
				CLANG_CXX_LANGUAGE_STANDARD = "gnu++17";
				CLANG_ENABLE_MODULES = YES;
				CLANG_ENABLE_OBJC_ARC = YES;
				CLANG_ENABLE_OBJC_WEAK = YES;
				CLANG_WARN_BLOCK_CAPTURE_AUTORELEASING = YES;
				CLANG_WARN_BOOL_CONVERSION = YES;
				CLANG_WARN_COMMA = YES;
				CLANG_WARN_CONSTANT_CONVERSION = YES;
				CLANG_WARN_DEPRECATED_OBJC_IMPLEMENTATIONS = YES;
				CLANG_WARN_DIRECT_OBJC_ISA_USAGE = YES_ERROR;
				CLANG_WARN_DOCUMENTATION_COMMENTS = YES;
				CLANG_WARN_EMPTY_BODY = YES;
				CLANG_WARN_ENUM_CONVERSION = YES;
				CLANG_WARN_INFINITE_RECURSION = YES;
				CLANG_WARN_INT_CONVERSION = YES;
				CLANG_WARN_NON_LITERAL_NULL_CONVERSION = YES;
				CLANG_WARN_OBJC_IMPLICIT_RETAIN_SELF = YES;
				CLANG_WARN_OBJC_LITERAL_CONVERSION = YES;
				CLANG_WARN_OBJC_ROOT_CLASS = YES_ERROR;
				CLANG_WARN_QUOTED_INCLUDE_IN_FRAMEWORK_HEADER = YES;
				CLANG_WARN_RANGE_LOOP_ANALYSIS = YES;
				CLANG_WARN_STRICT_PROTOTYPES = YES;
				CLANG_WARN_SUSPICIOUS_MOVE = YES;
				CLANG_WARN_UNGUARDED_AVAILABILITY = YES_AGGRESSIVE;
				CLANG_WARN_UNREACHABLE_CODE = YES;
				CLANG_WARN__DUPLICATE_METHOD_MATCH = YES;
				COPY_PHASE_STRIP = NO;
				DEBUG_INFORMATION_FORMAT = "dwarf-with-dsym";
				ENABLE_NS_ASSERTIONS = NO;
				ENABLE_STRICT_OBJC_MSGSEND = YES;
				GCC_C_LANGUAGE_STANDARD = gnu11;
				GCC_NO_COMMON_BLOCKS = YES;
				GCC_WARN_64_TO_32_BIT_CONVERSION = YES;
				GCC_WARN_ABOUT_RETURN_TYPE = YES_ERROR;
				GCC_WARN_UNDECLARED_SELECTOR = YES;
				GCC_WARN_UNINITIALIZED_AUTOS = YES_AGGRESSIVE;
				GCC_WARN_UNUSED_FUNCTION = YES;
				GCC_WARN_UNUSED_VARIABLE = YES;
				IPHONEOS_DEPLOYMENT_TARGET = 15.5;
				MTL_ENABLE_DEBUG_INFO = NO;
				MTL_FAST_MATH = YES;
				SDKROOT = iphoneos;
				SWIFT_COMPILATION_MODE = wholemodule;
				SWIFT_OPTIMIZATION_LEVEL = "-O";
				VALIDATE_PRODUCT = YES;
			};
			name = Release;
		};
		783A31B42A255A27003CBA9B /* Debug */ = {
			isa = XCBuildConfiguration;
			baseConfigurationReference = 21B438E835376F8562C5FD60 /* Pods-UserSampleApp.debug.xcconfig */;
			buildSettings = {
				ASSETCATALOG_COMPILER_APPICON_NAME = AppIcon;
				ASSETCATALOG_COMPILER_GLOBAL_ACCENT_COLOR_NAME = AccentColor;
				CODE_SIGN_STYLE = Automatic;
				CURRENT_PROJECT_VERSION = 1;
				DEVELOPMENT_ASSET_PATHS = "\"UserSampleApp/Preview Content\"";
				ENABLE_PREVIEWS = YES;
				GENERATE_INFOPLIST_FILE = YES;
				INFOPLIST_KEY_UIApplicationSceneManifest_Generation = YES;
				INFOPLIST_KEY_UIApplicationSupportsIndirectInputEvents = YES;
				INFOPLIST_KEY_UILaunchScreen_Generation = YES;
				INFOPLIST_KEY_UISupportedInterfaceOrientations_iPad = "UIInterfaceOrientationPortrait UIInterfaceOrientationPortraitUpsideDown UIInterfaceOrientationLandscapeLeft UIInterfaceOrientationLandscapeRight";
				INFOPLIST_KEY_UISupportedInterfaceOrientations_iPhone = "UIInterfaceOrientationPortrait UIInterfaceOrientationLandscapeLeft UIInterfaceOrientationLandscapeRight";
				LD_RUNPATH_SEARCH_PATHS = (
					"$(inherited)",
					"@executable_path/Frameworks",
				);
				MARKETING_VERSION = 1.0;
				PRODUCT_BUNDLE_IDENTIFIER = test.UserSampleApp;
				PRODUCT_NAME = "$(TARGET_NAME)";
				SWIFT_EMIT_LOC_STRINGS = YES;
				SWIFT_VERSION = 5.0;
				TARGETED_DEVICE_FAMILY = "1,2";
			};
			name = Debug;
		};
		783A31B52A255A27003CBA9B /* Release */ = {
			isa = XCBuildConfiguration;
			baseConfigurationReference = EA16B0E23589F28F8035394D /* Pods-UserSampleApp.release.xcconfig */;
			buildSettings = {
				ASSETCATALOG_COMPILER_APPICON_NAME = AppIcon;
				ASSETCATALOG_COMPILER_GLOBAL_ACCENT_COLOR_NAME = AccentColor;
				CODE_SIGN_STYLE = Automatic;
				CURRENT_PROJECT_VERSION = 1;
				DEVELOPMENT_ASSET_PATHS = "\"UserSampleApp/Preview Content\"";
				ENABLE_PREVIEWS = YES;
				GENERATE_INFOPLIST_FILE = YES;
				INFOPLIST_KEY_UIApplicationSceneManifest_Generation = YES;
				INFOPLIST_KEY_UIApplicationSupportsIndirectInputEvents = YES;
				INFOPLIST_KEY_UILaunchScreen_Generation = YES;
				INFOPLIST_KEY_UISupportedInterfaceOrientations_iPad = "UIInterfaceOrientationPortrait UIInterfaceOrientationPortraitUpsideDown UIInterfaceOrientationLandscapeLeft UIInterfaceOrientationLandscapeRight";
				INFOPLIST_KEY_UISupportedInterfaceOrientations_iPhone = "UIInterfaceOrientationPortrait UIInterfaceOrientationLandscapeLeft UIInterfaceOrientationLandscapeRight";
				LD_RUNPATH_SEARCH_PATHS = (
					"$(inherited)",
					"@executable_path/Frameworks",
				);
				MARKETING_VERSION = 1.0;
				PRODUCT_BUNDLE_IDENTIFIER = test.UserSampleApp;
				PRODUCT_NAME = "$(TARGET_NAME)";
				SWIFT_EMIT_LOC_STRINGS = YES;
				SWIFT_VERSION = 5.0;
				TARGETED_DEVICE_FAMILY = "1,2";
			};
			name = Release;
		};
/* End XCBuildConfiguration section */

/* Begin XCConfigurationList section */
		783A31A02A255A25003CBA9B /* Build configuration list for PBXProject "UserSampleApp" */ = {
			isa = XCConfigurationList;
			buildConfigurations = (
				783A31B12A255A27003CBA9B /* Debug */,
				783A31B22A255A27003CBA9B /* Release */,
			);
			defaultConfigurationIsVisible = 0;
			defaultConfigurationName = Release;
		};
		783A31B32A255A27003CBA9B /* Build configuration list for PBXNativeTarget "UserSampleApp" */ = {
			isa = XCConfigurationList;
			buildConfigurations = (
				783A31B42A255A27003CBA9B /* Debug */,
				783A31B52A255A27003CBA9B /* Release */,
			);
			defaultConfigurationIsVisible = 0;
			defaultConfigurationName = Release;
		};
/* End XCConfigurationList section */

/* Begin XCRemoteSwiftPackageReference section */
		78720A662A2712F300C5D939 /* XCRemoteSwiftPackageReference "url-image" */ = {
			isa = XCRemoteSwiftPackageReference;
			repositoryURL = "https://github.com/dmytro-anokhin/url-image.git";
			requirement = {
				kind = upToNextMajorVersion;
				minimumVersion = 3.0.0;
			};
		};
/* End XCRemoteSwiftPackageReference section */

/* Begin XCSwiftPackageProductDependency section */
		78720A672A2712F300C5D939 /* URLImage */ = {
			isa = XCSwiftPackageProductDependency;
			package = 78720A662A2712F300C5D939 /* XCRemoteSwiftPackageReference "url-image" */;
			productName = URLImage;
		};
/* End XCSwiftPackageProductDependency section */
	};
	rootObject = 783A319D2A255A25003CBA9B /* Project object */;
}
